{
  "name": "@axtech/aniir",
  "version": "0.1.0",
  "lockfileVersion": 3,
  "requires": true,
  "packages": {
    "": {
      "name": "@axtech/aniir",
      "version": "0.1.0",
      "dependencies": {
        "@openai/codex-sdk": "^0.102.0-alpha.7"
      }
    },
    "node_modules/@openai/codex": {
      "version": "0.102.0-alpha.7",
      "resolved": "https://registry.npmjs.org/@openai/codex/-/codex-0.102.0-alpha.7.tgz",
      "integrity": "sha512-NfWAKjMYBDUM/ulc2fme+pbKCmlU1143vSKuJYPFRcSgTpjoIojeCwL/jVoeznZWfeGOVhZo7SdQQNxSLnV9PQ==",
      "bin": {
        "codex": "bin/codex.js"
      },
      "engines": {
        "node": ">=16"
      },
      "optionalDependencies": {
        "@openai/codex-darwin-arm64": "npm:@openai/codex@0.102.0-alpha.7-darwin-arm64",
        "@openai/codex-darwin-x64": "npm:@openai/codex@0.102.0-alpha.7-darwin-x64",
        "@openai/codex-linux-arm64": "npm:@openai/codex@0.102.0-alpha.7-linux-arm64",
        "@openai/codex-linux-x64": "npm:@openai/codex@0.102.0-alpha.7-linux-x64",
        "@openai/codex-win32-arm64": "npm:@openai/codex@0.102.0-alpha.7-win32-arm64",
        "@openai/codex-win32-x64": "npm:@openai/codex@0.102.0-alpha.7-win32-x64"
      }
    },
    "node_modules/@openai/codex-darwin-arm64": {
      "name": "@openai/codex",
      "version": "0.102.0-alpha.7-darwin-arm64",
      "resolved": "https://registry.npmjs.org/@openai/codex/-/codex-0.102.0-alpha.7-darwin-arm64.tgz",
      "integrity": "sha512-/xHUijg9dgbydrNBXbDxcdF0WxojyecdoH6HAkw7L9XvmmISYf7N2mstTNrIHBSBPn1GrmoujNB04tQrqGguqg==",
      "cpu": [
        "arm64"
      ],
      "optional": true,
      "os": [
        "darwin"
      ],
      "engines": {
        "node": ">=16"
      }
    },
    "node_modules/@openai/codex-darwin-x64": {
      "name": "@openai/codex",
      "version": "0.102.0-alpha.7-darwin-x64",
      "resolved": "https://registry.npmjs.org/@openai/codex/-/codex-0.102.0-alpha.7-darwin-x64.tgz",
      "integrity": "sha512-YyYZWpEqMNkT1tZHU9d/xEJHobZIZ0goCOEQ9JVM9PnRrTzjK1COFkl9Lov+UGkg4PQJXE02jeAuujJrzc7HvQ==",
      "cpu": [
        "x64"
      ],
      "optional": true,
      "os": [
        "darwin"
      ],
      "engines": {
        "node": ">=16"
      }
    },
    "node_modules/@openai/codex-linux-arm64": {
      "name": "@openai/codex",
      "version": "0.102.0-alpha.7-linux-arm64",
      "resolved": "https://registry.npmjs.org/@openai/codex/-/codex-0.102.0-alpha.7-linux-arm64.tgz",
      "integrity": "sha512-ajpKmwueeEFU2zIL5ro5Yyv2i6WQmJRlylGO2BPLj1ERmyv88lzT1ZSm4IXw5zfuzzeFqzXFKCCK+WksHF5beA==",
      "cpu": [
        "arm64"
      ],
      "optional": true,
      "os": [
        "linux"
      ],
      "engines": {
        "node": ">=16"
      }
    },
    "node_modules/@openai/codex-linux-x64": {
      "name": "@openai/codex",
      "version": "0.102.0-alpha.7-linux-x64",
      "resolved": "https://registry.npmjs.org/@openai/codex/-/codex-0.102.0-alpha.7-linux-x64.tgz",
      "integrity": "sha512-xQPC4NnL+jRFMSaPeHDoqqvcZ5JzfFNUXeu7MLqs05niLxe6rjqJRbjOihQMwapwsSGv/LXq/IR/pVL5irIxNQ==",
      "cpu": [
        "x64"
      ],
      "optional": true,
      "os": [
        "linux"
      ],
      "engines": {
        "node": ">=16"
      }
    },
    "node_modules/@openai/codex-sdk": {
      "version": "0.102.0-alpha.7",
      "resolved": "https://registry.npmjs.org/@openai/codex-sdk/-/codex-sdk-0.102.0-alpha.7.tgz",
      "integrity": "sha512-Z1HUNHUTywAf8H5gfA8/zC4FDYEeoXP96yn68wPf8H5XaTljI+qc49086x4AoFasCBf/BTFt3oaDuNxybHSIeg==",
      "dependencies": {
        "@openai/codex": "0.102.0-alpha.7"
      },
      "engines": {
        "node": ">=18"
      }
    },
    "node_modules/@openai/codex-win32-arm64": {
      "name": "@openai/codex",
      "version": "0.102.0-alpha.7-win32-arm64",
      "resolved": "https://registry.npmjs.org/@openai/codex/-/codex-0.102.0-alpha.7-win32-arm64.tgz",
      "integrity": "sha512-vsqzdh1anyEx2nnrJFJsVZeWFnKXS2SNQ3gomJw4V5PsTZzofbdPTTrVnBFRklW5YVgmfk8O8dPSRIlUPkgiyA==",
      "cpu": [
        "arm64"
      ],
      "optional": true,
      "os": [
        "win32"
      ],
      "engines": {
        "node": ">=16"
      }
    },
    "node_modules/@openai/codex-win32-x64": {
      "name": "@openai/codex",
      "version": "0.102.0-alpha.7-win32-x64",
      "resolved": "https://registry.npmjs.org/@openai/codex/-/codex-0.102.0-alpha.7-win32-x64.tgz",
      "integrity": "sha512-eoFSoWg3lkwu3QV6il4IsahI9jE/44HWc6hrC+bLRehoGJVL86ySJLAXqzqZarSJ+HWcgAwKBaephYTSHaXXcg==",
      "cpu": [
        "x64"
      ],
      "optional": true,
      "os": [
        "win32"
      ],
      "engines": {
        "node": ">=16"
      }
    }
  }
}
